{
  "version": 4,
  "terraform_version": "1.0.4",
  "serial": 3,
  "lineage": "4a6ef73d-97c1-61f4-8b08-572dd94f3a63",
  "outputs": {
    "container_name": {
      "value": "blog_dev",
      "type": "string"
    }
  },
  "resources": [
    {
      "mode": "managed",
      "type": "docker_image",
      "name": "image_id",
      "provider": "provider[\"registry.terraform.io/kreuzwerker/docker\"]",
      "instances": [
        {
          "schema_version": 0,
          "attributes": {
            "build": [],
            "force_remove": null,
            "id": "sha256:b05a58075ef6ad79016adb818a0a0b65097dfc58781e6eb6ab272fd32d976db9ghost:latest",
            "keep_locally": null,
            "latest": "sha256:b05a58075ef6ad79016adb818a0a0b65097dfc58781e6eb6ab272fd32d976db9",
            "name": "ghost:latest",
            "output": null,
            "pull_trigger": null,
            "pull_triggers": null,
            "repo_digest": "ghost@sha256:26e68af5cfe2902f7e1524bdb1ac77f1fcd6ffd462a990f80aff595008c1d926"
          },
          "sensitive_attributes": [],
          "private": "bnVsbA=="
        }
      ]
    }
  ]
}
