{
  "version": 4,
  "terraform_version": "1.0.4",
  "serial": 8,
  "lineage": "da4b9ef7-4e57-8717-705d-e615c22c8f56",
  "outputs": {},
  "resources": [
    {
      "mode": "managed",
      "type": "docker_container",
      "name": "ghost_container",
      "provider": "provider[\"registry.terraform.io/kreuzwerker/docker\"]",
      "instances": []
    },
    {
      "mode": "managed",
      "type": "docker_image",
      "name": "ghost_image",
      "provider": "provider[\"registry.terraform.io/kreuzwerker/docker\"]",
      "instances": [
        {
          "schema_version": 0,
          "attributes": {
            "build": [],
            "force_remove": null,
            "id": "sha256:b05a58075ef6ad79016adb818a0a0b65097dfc58781e6eb6ab272fd32d976db9ghost:latest",
            "keep_locally": null,
            "latest": "sha256:b05a58075ef6ad79016adb818a0a0b65097dfc58781e6eb6ab272fd32d976db9",
            "name": "ghost:latest",
            "output": null,
            "pull_trigger": null,
            "pull_triggers": null,
            "repo_digest": "ghost@sha256:26e68af5cfe2902f7e1524bdb1ac77f1fcd6ffd462a990f80aff595008c1d926"
          },
          "sensitive_attributes": [],
          "private": "bnVsbA=="
        }
      ]
    }
  ]
}
